// !$*UTF8*$!
{
	archiveVersion = 1;
	classes = {
	};
	objectVersion = 46;
	objects = {

/* Begin PBXBuildFile section */
		890F21781F768F450018D594 /* MentionTableViewCell.swift in Sources */ = {isa = PBXBuildFile; fileRef = 890F21771F768F450018D594 /* MentionTableViewCell.swift */; };
		891030E91F8E723B0093621A /* TweetCollectionViewController.swift in Sources */ = {isa = PBXBuildFile; fileRef = 891030E81F8E723B0093621A /* TweetCollectionViewController.swift */; };
		891030EB1F8E90610093621A /* TweetCollectionViewCell.swift in Sources */ = {isa = PBXBuildFile; fileRef = 891030EA1F8E90610093621A /* TweetCollectionViewCell.swift */; };
		8919C3EC1F6FC49D001E702C /* TweetTableViewCell.swift in Sources */ = {isa = PBXBuildFile; fileRef = 8919C3EB1F6FC49D001E702C /* TweetTableViewCell.swift */; };
		8919E4941F8CDFAC00B8F8A5 /* WebViewController.swift in Sources */ = {isa = PBXBuildFile; fileRef = 8919E4931F8CDFAC00B8F8A5 /* WebViewController.swift */; };
		892109F11F7D4B8A00A9C22A /* ImageViewController.swift in Sources */ = {isa = PBXBuildFile; fileRef = 892109F01F7D4B8A00A9C22A /* ImageViewController.swift */; };
		8926E92A1F69345600205FCF /* AppDelegate.swift in Sources */ = {isa = PBXBuildFile; fileRef = 8926E9291F69345600205FCF /* AppDelegate.swift */; };
		8926E92F1F69345600205FCF /* Main.storyboard in Resources */ = {isa = PBXBuildFile; fileRef = 8926E92D1F69345600205FCF /* Main.storyboard */; };
		8926E9311F69345600205FCF /* Assets.xcassets in Resources */ = {isa = PBXBuildFile; fileRef = 8926E9301F69345600205FCF /* Assets.xcassets */; };
		8926E9341F69345600205FCF /* LaunchScreen.storyboard in Resources */ = {isa = PBXBuildFile; fileRef = 8926E9321F69345600205FCF /* LaunchScreen.storyboard */; };
		8926E93D1F69351300205FCF /* TweetTableViewController.swift in Sources */ = {isa = PBXBuildFile; fileRef = 8926E93C1F69351300205FCF /* TweetTableViewController.swift */; };
		89850EB31F72E8AA00538B1D /* MentionTableViewController.swift in Sources */ = {isa = PBXBuildFile; fileRef = 89850EB21F72E8AA00538B1D /* MentionTableViewController.swift */; };
		898761AC1F7FC3DB00AFC881 /* TweetSearchTableViewController.swift in Sources */ = {isa = PBXBuildFile; fileRef = 898761AB1F7FC3DB00AFC881 /* TweetSearchTableViewController.swift */; };
		89AB98001F69418000DDF22B /* Twitter.framework in Frameworks */ = {isa = PBXBuildFile; fileRef = 89AB97FF1F69418000DDF22B /* Twitter.framework */; };
		89AB98011F69418000DDF22B /* Twitter.framework in Embed Frameworks */ = {isa = PBXBuildFile; fileRef = 89AB97FF1F69418000DDF22B /* Twitter.framework */; settings = {ATTRIBUTES = (CodeSignOnCopy, RemoveHeadersOnCopy, ); }; };
		89CAE15B1F7FDCDF0099E0AB /* TweetSearchTableViewCell.swift in Sources */ = {isa = PBXBuildFile; fileRef = 89CAE15A1F7FDCDF0099E0AB /* TweetSearchTableViewCell.swift */; };
/* End PBXBuildFile section */

/* Begin PBXCopyFilesBuildPhase section */
		89AB979F1F693B6D00DDF22B /* Embed Frameworks */ = {
			isa = PBXCopyFilesBuildPhase;
			buildActionMask = 2147483647;
			dstPath = "";
			dstSubfolderSpec = 10;
			files = (
				89AB98011F69418000DDF22B /* Twitter.framework in Embed Frameworks */,
			);
			name = "Embed Frameworks";
			runOnlyForDeploymentPostprocessing = 0;
		};
/* End PBXCopyFilesBuildPhase section */

/* Begin PBXFileReference section */
		890F21771F768F450018D594 /* MentionTableViewCell.swift */ = {isa = PBXFileReference; fileEncoding = 4; lastKnownFileType = sourcecode.swift; path = MentionTableViewCell.swift; sourceTree = "<group>"; };
		891030E81F8E723B0093621A /* TweetCollectionViewController.swift */ = {isa = PBXFileReference; fileEncoding = 4; lastKnownFileType = sourcecode.swift; path = TweetCollectionViewController.swift; sourceTree = "<group>"; };
		891030EA1F8E90610093621A /* TweetCollectionViewCell.swift */ = {isa = PBXFileReference; fileEncoding = 4; lastKnownFileType = sourcecode.swift; path = TweetCollectionViewCell.swift; sourceTree = "<group>"; };
		8919C3EB1F6FC49D001E702C /* TweetTableViewCell.swift */ = {isa = PBXFileReference; fileEncoding = 4; lastKnownFileType = sourcecode.swift; path = TweetTableViewCell.swift; sourceTree = "<group>"; };
		8919E4931F8CDFAC00B8F8A5 /* WebViewController.swift */ = {isa = PBXFileReference; fileEncoding = 4; lastKnownFileType = sourcecode.swift; path = WebViewController.swift; sourceTree = "<group>"; };
		892109F01F7D4B8A00A9C22A /* ImageViewController.swift */ = {isa = PBXFileReference; fileEncoding = 4; lastKnownFileType = sourcecode.swift; path = ImageViewController.swift; sourceTree = "<group>"; };
		8926E9261F69345600205FCF /* Smash-Tag.app */ = {isa = PBXFileReference; explicitFileType = wrapper.application; includeInIndex = 0; path = "Smash-Tag.app"; sourceTree = BUILT_PRODUCTS_DIR; };
		8926E9291F69345600205FCF /* AppDelegate.swift */ = {isa = PBXFileReference; lastKnownFileType = sourcecode.swift; path = AppDelegate.swift; sourceTree = "<group>"; };
		8926E92E1F69345600205FCF /* Base */ = {isa = PBXFileReference; lastKnownFileType = file.storyboard; name = Base; path = Base.lproj/Main.storyboard; sourceTree = "<group>"; };
		8926E9301F69345600205FCF /* Assets.xcassets */ = {isa = PBXFileReference; lastKnownFileType = folder.assetcatalog; path = Assets.xcassets; sourceTree = "<group>"; };
		8926E9331F69345600205FCF /* Base */ = {isa = PBXFileReference; lastKnownFileType = file.storyboard; name = Base; path = Base.lproj/LaunchScreen.storyboard; sourceTree = "<group>"; };
		8926E9351F69345600205FCF /* Info.plist */ = {isa = PBXFileReference; lastKnownFileType = text.plist.xml; path = Info.plist; sourceTree = "<group>"; };
		8926E93C1F69351300205FCF /* TweetTableViewController.swift */ = {isa = PBXFileReference; fileEncoding = 4; lastKnownFileType = sourcecode.swift; path = TweetTableViewController.swift; sourceTree = "<group>"; };
		89850EB21F72E8AA00538B1D /* MentionTableViewController.swift */ = {isa = PBXFileReference; fileEncoding = 4; lastKnownFileType = sourcecode.swift; path = MentionTableViewController.swift; sourceTree = "<group>"; };
		898761AB1F7FC3DB00AFC881 /* TweetSearchTableViewController.swift */ = {isa = PBXFileReference; fileEncoding = 4; lastKnownFileType = sourcecode.swift; path = TweetSearchTableViewController.swift; sourceTree = "<group>"; };
		89AB97FF1F69418000DDF22B /* Twitter.framework */ = {isa = PBXFileReference; explicitFileType = wrapper.framework; path = Twitter.framework; sourceTree = BUILT_PRODUCTS_DIR; };
		89CAE15A1F7FDCDF0099E0AB /* TweetSearchTableViewCell.swift */ = {isa = PBXFileReference; fileEncoding = 4; lastKnownFileType = sourcecode.swift; path = TweetSearchTableViewCell.swift; sourceTree = "<group>"; };
/* End PBXFileReference section */

/* Begin PBXFrameworksBuildPhase section */
		8926E9231F69345600205FCF /* Frameworks */ = {
			isa = PBXFrameworksBuildPhase;
			buildActionMask = 2147483647;
			files = (
				89AB98001F69418000DDF22B /* Twitter.framework in Frameworks */,
			);
			runOnlyForDeploymentPostprocessing = 0;
		};
/* End PBXFrameworksBuildPhase section */

/* Begin PBXGroup section */
		8926E91D1F69345600205FCF = {
			isa = PBXGroup;
			children = (
				89AB97FF1F69418000DDF22B /* Twitter.framework */,
				8926E9281F69345600205FCF /* Smash-Tag */,
				8926E9271F69345600205FCF /* Products */,
			);
			sourceTree = "<group>";
		};
		8926E9271F69345600205FCF /* Products */ = {
			isa = PBXGroup;
			children = (
				8926E9261F69345600205FCF /* Smash-Tag.app */,
			);
			name = Products;
			sourceTree = "<group>";
		};
		8926E9281F69345600205FCF /* Smash-Tag */ = {
			isa = PBXGroup;
			children = (
				8926E93B1F69347F00205FCF /* Supporting Files */,
				8926E92D1F69345600205FCF /* Main.storyboard */,
				898761AB1F7FC3DB00AFC881 /* TweetSearchTableViewController.swift */,
				89CAE15A1F7FDCDF0099E0AB /* TweetSearchTableViewCell.swift */,
				891030E81F8E723B0093621A /* TweetCollectionViewController.swift */,
				891030EA1F8E90610093621A /* TweetCollectionViewCell.swift */,
				8926E93C1F69351300205FCF /* TweetTableViewController.swift */,
				8919C3EB1F6FC49D001E702C /* TweetTableViewCell.swift */,
				89850EB21F72E8AA00538B1D /* MentionTableViewController.swift */,
				890F21771F768F450018D594 /* MentionTableViewCell.swift */,
				8919E4931F8CDFAC00B8F8A5 /* WebViewController.swift */,
				892109F01F7D4B8A00A9C22A /* ImageViewController.swift */,
			);
			path = "Smash-Tag";
			sourceTree = "<group>";
		};
		8926E93B1F69347F00205FCF /* Supporting Files */ = {
			isa = PBXGroup;
			children = (
				8926E9351F69345600205FCF /* Info.plist */,
				8926E9291F69345600205FCF /* AppDelegate.swift */,
				8926E9301F69345600205FCF /* Assets.xcassets */,
				8926E9321F69345600205FCF /* LaunchScreen.storyboard */,
			);
			name = "Supporting Files";
			sourceTree = "<group>";
		};
/* End PBXGroup section */

/* Begin PBXNativeTarget section */
		8926E9251F69345600205FCF /* Smash-Tag */ = {
			isa = PBXNativeTarget;
			buildConfigurationList = 8926E9381F69345600205FCF /* Build configuration list for PBXNativeTarget "Smash-Tag" */;
			buildPhases = (
				8926E9221F69345600205FCF /* Sources */,
				8926E9231F69345600205FCF /* Frameworks */,
				8926E9241F69345600205FCF /* Resources */,
				89AB979F1F693B6D00DDF22B /* Embed Frameworks */,
			);
			buildRules = (
			);
			dependencies = (
			);
			name = "Smash-Tag";
			productName = "Smash-Tag";
			productReference = 8926E9261F69345600205FCF /* Smash-Tag.app */;
			productType = "com.apple.product-type.application";
		};
/* End PBXNativeTarget section */

/* Begin PBXProject section */
		8926E91E1F69345600205FCF /* Project object */ = {
			isa = PBXProject;
			attributes = {
				LastSwiftUpdateCheck = 0830;
				LastUpgradeCheck = 0830;
				ORGANIZATIONNAME = "Kristina Gelzinyte";
				TargetAttributes = {
					8926E9251F69345600205FCF = {
						CreatedOnToolsVersion = 8.3.3;
						DevelopmentTeam = PJ8U3CQ43A;
						ProvisioningStyle = Automatic;
					};
				};
			};
			buildConfigurationList = 8926E9211F69345600205FCF /* Build configuration list for PBXProject "Smash-Tag" */;
			compatibilityVersion = "Xcode 3.2";
			developmentRegion = English;
			hasScannedForEncodings = 0;
			knownRegions = (
				en,
				Base,
			);
			mainGroup = 8926E91D1F69345600205FCF;
			productRefGroup = 8926E9271F69345600205FCF /* Products */;
			projectDirPath = "";
			projectRoot = "";
			targets = (
				8926E9251F69345600205FCF /* Smash-Tag */,
			);
		};
/* End PBXProject section */

/* Begin PBXResourcesBuildPhase section */
		8926E9241F69345600205FCF /* Resources */ = {
			isa = PBXResourcesBuildPhase;
			buildActionMask = 2147483647;
			files = (
				8926E9341F69345600205FCF /* LaunchScreen.storyboard in Resources */,
				8926E9311F69345600205FCF /* Assets.xcassets in Resources */,
				8926E92F1F69345600205FCF /* Main.storyboard in Resources */,
			);
			runOnlyForDeploymentPostprocessing = 0;
		};
/* End PBXResourcesBuildPhase section */

/* Begin PBXSourcesBuildPhase section */
		8926E9221F69345600205FCF /* Sources */ = {
			isa = PBXSourcesBuildPhase;
			buildActionMask = 2147483647;
			files = (
				89850EB31F72E8AA00538B1D /* MentionTableViewController.swift in Sources */,
				8919E4941F8CDFAC00B8F8A5 /* WebViewController.swift in Sources */,
				8926E92A1F69345600205FCF /* AppDelegate.swift in Sources */,
				8926E93D1F69351300205FCF /* TweetTableViewController.swift in Sources */,
				890F21781F768F450018D594 /* MentionTableViewCell.swift in Sources */,
				898761AC1F7FC3DB00AFC881 /* TweetSearchTableViewController.swift in Sources */,
				892109F11F7D4B8A00A9C22A /* ImageViewController.swift in Sources */,
				8919C3EC1F6FC49D001E702C /* TweetTableViewCell.swift in Sources */,
				891030EB1F8E90610093621A /* TweetCollectionViewCell.swift in Sources */,
				891030E91F8E723B0093621A /* TweetCollectionViewController.swift in Sources */,
				89CAE15B1F7FDCDF0099E0AB /* TweetSearchTableViewCell.swift in Sources */,
			);
			runOnlyForDeploymentPostprocessing = 0;
		};
/* End PBXSourcesBuildPhase section */

/* Begin PBXVariantGroup section */
		8926E92D1F69345600205FCF /* Main.storyboard */ = {
			isa = PBXVariantGroup;
			children = (
				8926E92E1F69345600205FCF /* Base */,
			);
			name = Main.storyboard;
			sourceTree = "<group>";
		};
		8926E9321F69345600205FCF /* LaunchScreen.storyboard */ = {
			isa = PBXVariantGroup;
			children = (
				8926E9331F69345600205FCF /* Base */,
			);
			name = LaunchScreen.storyboard;
			sourceTree = "<group>";
		};
/* End PBXVariantGroup section */

/* Begin XCBuildConfiguration section */
		8926E9361F69345600205FCF /* Debug */ = {
			isa = XCBuildConfiguration;
			buildSettings = {
				ALWAYS_SEARCH_USER_PATHS = NO;
				CLANG_ANALYZER_NONNULL = YES;
				CLANG_ANALYZER_NUMBER_OBJECT_CONVERSION = YES_AGGRESSIVE;
				CLANG_CXX_LANGUAGE_STANDARD = "gnu++0x";
				CLANG_CXX_LIBRARY = "libc++";
				CLANG_ENABLE_MODULES = YES;
				CLANG_ENABLE_OBJC_ARC = YES;
				CLANG_WARN_BOOL_CONVERSION = YES;
				CLANG_WARN_CONSTANT_CONVERSION = YES;
				CLANG_WARN_DIRECT_OBJC_ISA_USAGE = YES_ERROR;
				CLANG_WARN_DOCUMENTATION_COMMENTS = YES;
				CLANG_WARN_EMPTY_BODY = YES;
				CLANG_WARN_ENUM_CONVERSION = YES;
				CLANG_WARN_INFINITE_RECURSION = YES;
				CLANG_WARN_INT_CONVERSION = YES;
				CLANG_WARN_OBJC_ROOT_CLASS = YES_ERROR;
				CLANG_WARN_SUSPICIOUS_MOVE = YES;
				CLANG_WARN_UNREACHABLE_CODE = YES;
				CLANG_WARN__DUPLICATE_METHOD_MATCH = YES;
				"CODE_SIGN_IDENTITY[sdk=iphoneos*]" = "iPhone Developer";
				COPY_PHASE_STRIP = NO;
				DEBUG_INFORMATION_FORMAT = dwarf;
				ENABLE_STRICT_OBJC_MSGSEND = YES;
				ENABLE_TESTABILITY = YES;
				GCC_C_LANGUAGE_STANDARD = gnu99;
				GCC_DYNAMIC_NO_PIC = NO;
				GCC_NO_COMMON_BLOCKS = YES;
				GCC_OPTIMIZATION_LEVEL = 0;
				GCC_PREPROCESSOR_DEFINITIONS = (
					"DEBUG=1",
					"$(inherited)",
				);
				GCC_WARN_64_TO_32_BIT_CONVERSION = YES;
				GCC_WARN_ABOUT_RETURN_TYPE = YES_ERROR;
				GCC_WARN_UNDECLARED_SELECTOR = YES;
				GCC_WARN_UNINITIALIZED_AUTOS = YES_AGGRESSIVE;
				GCC_WARN_UNUSED_FUNCTION = YES;
				GCC_WARN_UNUSED_VARIABLE = YES;
				IPHONEOS_DEPLOYMENT_TARGET = 10.3;
				MTL_ENABLE_DEBUG_INFO = YES;
				ONLY_ACTIVE_ARCH = YES;
				SDKROOT = iphoneos;
				SWIFT_ACTIVE_COMPILATION_CONDITIONS = DEBUG;
				SWIFT_OPTIMIZATION_LEVEL = "-Onone";
			};
			name = Debug;
		};
		8926E9371F69345600205FCF /* Release */ = {
			isa = XCBuildConfiguration;
			buildSettings = {
				ALWAYS_SEARCH_USER_PATHS = NO;
				CLANG_ANALYZER_NONNULL = YES;
				CLANG_ANALYZER_NUMBER_OBJECT_CONVERSION = YES_AGGRESSIVE;
				CLANG_CXX_LANGUAGE_STANDARD = "gnu++0x";
				CLANG_CXX_LIBRARY = "libc++";
				CLANG_ENABLE_MODULES = YES;
				CLANG_ENABLE_OBJC_ARC = YES;
				CLANG_WARN_BOOL_CONVERSION = YES;
				CLANG_WARN_CONSTANT_CONVERSION = YES;
				CLANG_WARN_DIRECT_OBJC_ISA_USAGE = YES_ERROR;
				CLANG_WARN_DOCUMENTATION_COMMENTS = YES;
				CLANG_WARN_EMPTY_BODY = YES;
				CLANG_WARN_ENUM_CONVERSION = YES;
				CLANG_WARN_INFINITE_RECURSION = YES;
				CLANG_WARN_INT_CONVERSION = YES;
				CLANG_WARN_OBJC_ROOT_CLASS = YES_ERROR;
				CLANG_WARN_SUSPICIOUS_MOVE = YES;
				CLANG_WARN_UNREACHABLE_CODE = YES;
				CLANG_WARN__DUPLICATE_METHOD_MATCH = YES;
				"CODE_SIGN_IDENTITY[sdk=iphoneos*]" = "iPhone Developer";
				COPY_PHASE_STRIP = NO;
				DEBUG_INFORMATION_FORMAT = "dwarf-with-dsym";
				ENABLE_NS_ASSERTIONS = NO;
				ENABLE_STRICT_OBJC_MSGSEND = YES;
				GCC_C_LANGUAGE_STANDARD = gnu99;
				GCC_NO_COMMON_BLOCKS = YES;
				GCC_WARN_64_TO_32_BIT_CONVERSION = YES;
				GCC_WARN_ABOUT_RETURN_TYPE = YES_ERROR;
				GCC_WARN_UNDECLARED_SELECTOR = YES;
				GCC_WARN_UNINITIALIZED_AUTOS = YES_AGGRESSIVE;
				GCC_WARN_UNUSED_FUNCTION = YES;
				GCC_WARN_UNUSED_VARIABLE = YES;
				IPHONEOS_DEPLOYMENT_TARGET = 10.3;
				MTL_ENABLE_DEBUG_INFO = NO;
				SDKROOT = iphoneos;
				SWIFT_OPTIMIZATION_LEVEL = "-Owholemodule";
				VALIDATE_PRODUCT = YES;
			};
			name = Release;
		};
		8926E9391F69345600205FCF /* Debug */ = {
			isa = XCBuildConfiguration;
			buildSettings = {
				ASSETCATALOG_COMPILER_APPICON_NAME = AppIcon;
				DEVELOPMENT_TEAM = PJ8U3CQ43A;
				INFOPLIST_FILE = "Smash-Tag/Info.plist";
				LD_RUNPATH_SEARCH_PATHS = "$(inherited) @executable_path/Frameworks";
				PRODUCT_BUNDLE_IDENTIFIER = "KG.Smash-Tag";
				PRODUCT_NAME = "$(TARGET_NAME)";
				SWIFT_VERSION = 3.0;
			};
			name = Debug;
		};
		8926E93A1F69345600205FCF /* Release */ = {
			isa = XCBuildConfiguration;
			buildSettings = {
				ASSETCATALOG_COMPILER_APPICON_NAME = AppIcon;
				DEVELOPMENT_TEAM = PJ8U3CQ43A;
				INFOPLIST_FILE = "Smash-Tag/Info.plist";
				LD_RUNPATH_SEARCH_PATHS = "$(inherited) @executable_path/Frameworks";
				PRODUCT_BUNDLE_IDENTIFIER = "KG.Smash-Tag";
				PRODUCT_NAME = "$(TARGET_NAME)";
				SWIFT_VERSION = 3.0;
			};
			name = Release;
		};
/* End XCBuildConfiguration section */

/* Begin XCConfigurationList section */
		8926E9211F69345600205FCF /* Build configuration list for PBXProject "Smash-Tag" */ = {
			isa = XCConfigurationList;
			buildConfigurations = (
				8926E9361F69345600205FCF /* Debug */,
				8926E9371F69345600205FCF /* Release */,
			);
			defaultConfigurationIsVisible = 0;
			defaultConfigurationName = Release;
		};
		8926E9381F69345600205FCF /* Build configuration list for PBXNativeTarget "Smash-Tag" */ = {
			isa = XCConfigurationList;
			buildConfigurations = (
				8926E9391F69345600205FCF /* Debug */,
				8926E93A1F69345600205FCF /* Release */,
			);
			defaultConfigurationIsVisible = 0;
			defaultConfigurationName = Release;
		};
/* End XCConfigurationList section */
	};
	rootObject = 8926E91E1F69345600205FCF /* Project object */;
}
