// !$*UTF8*$!
{
	archiveVersion = 1;
	classes = {
	};
	objectVersion = 46;
	objects = {

/* Begin PBXBuildFile section */
		893DAEFA1F56D78900D08472 /* CassiniViewController.swift in Sources */ = {isa = PBXBuildFile; fileRef = 893DAEF91F56D78900D08472 /* CassiniViewController.swift */; };
		89A61F931F5437DB0063FDE2 /* AppDelegate.swift in Sources */ = {isa = PBXBuildFile; fileRef = 89A61F921F5437DB0063FDE2 /* AppDelegate.swift */; };
		89A61F981F5437DB0063FDE2 /* Main.storyboard in Resources */ = {isa = PBXBuildFile; fileRef = 89A61F961F5437DB0063FDE2 /* Main.storyboard */; };
		89A61F9A1F5437DB0063FDE2 /* Assets.xcassets in Resources */ = {isa = PBXBuildFile; fileRef = 89A61F991F5437DB0063FDE2 /* Assets.xcassets */; };
		89A61F9D1F5437DB0063FDE2 /* LaunchScreen.storyboard in Resources */ = {isa = PBXBuildFile; fileRef = 89A61F9B1F5437DB0063FDE2 /* LaunchScreen.storyboard */; };
		89A61FA61F54387D0063FDE2 /* ImageViewController.swift in Sources */ = {isa = PBXBuildFile; fileRef = 89A61FA51F54387D0063FDE2 /* ImageViewController.swift */; };
		89A61FAA1F5445550063FDE2 /* DemoURL.swift in Sources */ = {isa = PBXBuildFile; fileRef = 89A61FA91F5445550063FDE2 /* DemoURL.swift */; };
/* End PBXBuildFile section */

/* Begin PBXFileReference section */
		893DAEF91F56D78900D08472 /* CassiniViewController.swift */ = {isa = PBXFileReference; fileEncoding = 4; lastKnownFileType = sourcecode.swift; path = CassiniViewController.swift; sourceTree = "<group>"; };
		89A61F8F1F5437DB0063FDE2 /* Cassini.app */ = {isa = PBXFileReference; explicitFileType = wrapper.application; includeInIndex = 0; path = Cassini.app; sourceTree = BUILT_PRODUCTS_DIR; };
		89A61F921F5437DB0063FDE2 /* AppDelegate.swift */ = {isa = PBXFileReference; lastKnownFileType = sourcecode.swift; path = AppDelegate.swift; sourceTree = "<group>"; };
		89A61F971F5437DB0063FDE2 /* Base */ = {isa = PBXFileReference; lastKnownFileType = file.storyboard; name = Base; path = Base.lproj/Main.storyboard; sourceTree = "<group>"; };
		89A61F991F5437DB0063FDE2 /* Assets.xcassets */ = {isa = PBXFileReference; lastKnownFileType = folder.assetcatalog; path = Assets.xcassets; sourceTree = "<group>"; };
		89A61F9C1F5437DB0063FDE2 /* Base */ = {isa = PBXFileReference; lastKnownFileType = file.storyboard; name = Base; path = Base.lproj/LaunchScreen.storyboard; sourceTree = "<group>"; };
		89A61F9E1F5437DB0063FDE2 /* Info.plist */ = {isa = PBXFileReference; lastKnownFileType = text.plist.xml; path = Info.plist; sourceTree = "<group>"; };
		89A61FA51F54387D0063FDE2 /* ImageViewController.swift */ = {isa = PBXFileReference; fileEncoding = 4; lastKnownFileType = sourcecode.swift; path = ImageViewController.swift; sourceTree = "<group>"; };
		89A61FA91F5445550063FDE2 /* DemoURL.swift */ = {isa = PBXFileReference; fileEncoding = 4; lastKnownFileType = sourcecode.swift; name = DemoURL.swift; path = ../DemoURL.swift; sourceTree = "<group>"; };
/* End PBXFileReference section */

/* Begin PBXFrameworksBuildPhase section */
		89A61F8C1F5437DB0063FDE2 /* Frameworks */ = {
			isa = PBXFrameworksBuildPhase;
			buildActionMask = 2147483647;
			files = (
			);
			runOnlyForDeploymentPostprocessing = 0;
		};
/* End PBXFrameworksBuildPhase section */

/* Begin PBXGroup section */
		89A61F861F5437DB0063FDE2 = {
			isa = PBXGroup;
			children = (
				89A61F911F5437DB0063FDE2 /* Cassini */,
				89A61F901F5437DB0063FDE2 /* Products */,
			);
			sourceTree = "<group>";
		};
		89A61F901F5437DB0063FDE2 /* Products */ = {
			isa = PBXGroup;
			children = (
				89A61F8F1F5437DB0063FDE2 /* Cassini.app */,
			);
			name = Products;
			sourceTree = "<group>";
		};
		89A61F911F5437DB0063FDE2 /* Cassini */ = {
			isa = PBXGroup;
			children = (
				89A61FA41F5437EA0063FDE2 /* Supporting files */,
				89A61F961F5437DB0063FDE2 /* Main.storyboard */,
				89A61FA51F54387D0063FDE2 /* ImageViewController.swift */,
				893DAEF91F56D78900D08472 /* CassiniViewController.swift */,
				89A61FA91F5445550063FDE2 /* DemoURL.swift */,
			);
			path = Cassini;
			sourceTree = "<group>";
		};
		89A61FA41F5437EA0063FDE2 /* Supporting files */ = {
			isa = PBXGroup;
			children = (
				89A61F921F5437DB0063FDE2 /* AppDelegate.swift */,
				89A61F991F5437DB0063FDE2 /* Assets.xcassets */,
				89A61F9B1F5437DB0063FDE2 /* LaunchScreen.storyboard */,
				89A61F9E1F5437DB0063FDE2 /* Info.plist */,
			);
			name = "Supporting files";
			sourceTree = "<group>";
		};
/* End PBXGroup section */

/* Begin PBXNativeTarget section */
		89A61F8E1F5437DB0063FDE2 /* Cassini */ = {
			isa = PBXNativeTarget;
			buildConfigurationList = 89A61FA11F5437DB0063FDE2 /* Build configuration list for PBXNativeTarget "Cassini" */;
			buildPhases = (
				89A61F8B1F5437DB0063FDE2 /* Sources */,
				89A61F8C1F5437DB0063FDE2 /* Frameworks */,
				89A61F8D1F5437DB0063FDE2 /* Resources */,
			);
			buildRules = (
			);
			dependencies = (
			);
			name = Cassini;
			productName = Cassini;
			productReference = 89A61F8F1F5437DB0063FDE2 /* Cassini.app */;
			productType = "com.apple.product-type.application";
		};
/* End PBXNativeTarget section */

/* Begin PBXProject section */
		89A61F871F5437DB0063FDE2 /* Project object */ = {
			isa = PBXProject;
			attributes = {
				LastSwiftUpdateCheck = 0830;
				LastUpgradeCheck = 0830;
				ORGANIZATIONNAME = "Kristina Gelzinyte";
				TargetAttributes = {
					89A61F8E1F5437DB0063FDE2 = {
						CreatedOnToolsVersion = 8.3.3;
						DevelopmentTeam = PJ8U3CQ43A;
						ProvisioningStyle = Automatic;
					};
				};
			};
			buildConfigurationList = 89A61F8A1F5437DB0063FDE2 /* Build configuration list for PBXProject "Cassini" */;
			compatibilityVersion = "Xcode 3.2";
			developmentRegion = English;
			hasScannedForEncodings = 0;
			knownRegions = (
				en,
				Base,
			);
			mainGroup = 89A61F861F5437DB0063FDE2;
			productRefGroup = 89A61F901F5437DB0063FDE2 /* Products */;
			projectDirPath = "";
			projectRoot = "";
			targets = (
				89A61F8E1F5437DB0063FDE2 /* Cassini */,
			);
		};
/* End PBXProject section */

/* Begin PBXResourcesBuildPhase section */
		89A61F8D1F5437DB0063FDE2 /* Resources */ = {
			isa = PBXResourcesBuildPhase;
			buildActionMask = 2147483647;
			files = (
				89A61F9D1F5437DB0063FDE2 /* LaunchScreen.storyboard in Resources */,
				89A61F9A1F5437DB0063FDE2 /* Assets.xcassets in Resources */,
				89A61F981F5437DB0063FDE2 /* Main.storyboard in Resources */,
			);
			runOnlyForDeploymentPostprocessing = 0;
		};
/* End PBXResourcesBuildPhase section */

/* Begin PBXSourcesBuildPhase section */
		89A61F8B1F5437DB0063FDE2 /* Sources */ = {
			isa = PBXSourcesBuildPhase;
			buildActionMask = 2147483647;
			files = (
				89A61FA61F54387D0063FDE2 /* ImageViewController.swift in Sources */,
				89A61FAA1F5445550063FDE2 /* DemoURL.swift in Sources */,
				89A61F931F5437DB0063FDE2 /* AppDelegate.swift in Sources */,
				893DAEFA1F56D78900D08472 /* CassiniViewController.swift in Sources */,
			);
			runOnlyForDeploymentPostprocessing = 0;
		};
/* End PBXSourcesBuildPhase section */

/* Begin PBXVariantGroup section */
		89A61F961F5437DB0063FDE2 /* Main.storyboard */ = {
			isa = PBXVariantGroup;
			children = (
				89A61F971F5437DB0063FDE2 /* Base */,
			);
			name = Main.storyboard;
			sourceTree = "<group>";
		};
		89A61F9B1F5437DB0063FDE2 /* LaunchScreen.storyboard */ = {
			isa = PBXVariantGroup;
			children = (
				89A61F9C1F5437DB0063FDE2 /* Base */,
			);
			name = LaunchScreen.storyboard;
			sourceTree = "<group>";
		};
/* End PBXVariantGroup section */

/* Begin XCBuildConfiguration section */
		89A61F9F1F5437DB0063FDE2 /* Debug */ = {
			isa = XCBuildConfiguration;
			buildSettings = {
				ALWAYS_SEARCH_USER_PATHS = NO;
				CLANG_ANALYZER_NONNULL = YES;
				CLANG_ANALYZER_NUMBER_OBJECT_CONVERSION = YES_AGGRESSIVE;
				CLANG_CXX_LANGUAGE_STANDARD = "gnu++0x";
				CLANG_CXX_LIBRARY = "libc++";
				CLANG_ENABLE_MODULES = YES;
				CLANG_ENABLE_OBJC_ARC = YES;
				CLANG_WARN_BOOL_CONVERSION = YES;
				CLANG_WARN_CONSTANT_CONVERSION = YES;
				CLANG_WARN_DIRECT_OBJC_ISA_USAGE = YES_ERROR;
				CLANG_WARN_DOCUMENTATION_COMMENTS = YES;
				CLANG_WARN_EMPTY_BODY = YES;
				CLANG_WARN_ENUM_CONVERSION = YES;
				CLANG_WARN_INFINITE_RECURSION = YES;
				CLANG_WARN_INT_CONVERSION = YES;
				CLANG_WARN_OBJC_ROOT_CLASS = YES_ERROR;
				CLANG_WARN_SUSPICIOUS_MOVE = YES;
				CLANG_WARN_UNREACHABLE_CODE = YES;
				CLANG_WARN__DUPLICATE_METHOD_MATCH = YES;
				"CODE_SIGN_IDENTITY[sdk=iphoneos*]" = "iPhone Developer";
				COPY_PHASE_STRIP = NO;
				DEBUG_INFORMATION_FORMAT = dwarf;
				ENABLE_STRICT_OBJC_MSGSEND = YES;
				ENABLE_TESTABILITY = YES;
				GCC_C_LANGUAGE_STANDARD = gnu99;
				GCC_DYNAMIC_NO_PIC = NO;
				GCC_NO_COMMON_BLOCKS = YES;
				GCC_OPTIMIZATION_LEVEL = 0;
				GCC_PREPROCESSOR_DEFINITIONS = (
					"DEBUG=1",
					"$(inherited)",
				);
				GCC_WARN_64_TO_32_BIT_CONVERSION = YES;
				GCC_WARN_ABOUT_RETURN_TYPE = YES_ERROR;
				GCC_WARN_UNDECLARED_SELECTOR = YES;
				GCC_WARN_UNINITIALIZED_AUTOS = YES_AGGRESSIVE;
				GCC_WARN_UNUSED_FUNCTION = YES;
				GCC_WARN_UNUSED_VARIABLE = YES;
				IPHONEOS_DEPLOYMENT_TARGET = 10.3;
				MTL_ENABLE_DEBUG_INFO = YES;
				ONLY_ACTIVE_ARCH = YES;
				SDKROOT = iphoneos;
				SWIFT_ACTIVE_COMPILATION_CONDITIONS = DEBUG;
				SWIFT_OPTIMIZATION_LEVEL = "-Onone";
				TARGETED_DEVICE_FAMILY = "1,2";
			};
			name = Debug;
		};
		89A61FA01F5437DB0063FDE2 /* Release */ = {
			isa = XCBuildConfiguration;
			buildSettings = {
				ALWAYS_SEARCH_USER_PATHS = NO;
				CLANG_ANALYZER_NONNULL = YES;
				CLANG_ANALYZER_NUMBER_OBJECT_CONVERSION = YES_AGGRESSIVE;
				CLANG_CXX_LANGUAGE_STANDARD = "gnu++0x";
				CLANG_CXX_LIBRARY = "libc++";
				CLANG_ENABLE_MODULES = YES;
				CLANG_ENABLE_OBJC_ARC = YES;
				CLANG_WARN_BOOL_CONVERSION = YES;
				CLANG_WARN_CONSTANT_CONVERSION = YES;
				CLANG_WARN_DIRECT_OBJC_ISA_USAGE = YES_ERROR;
				CLANG_WARN_DOCUMENTATION_COMMENTS = YES;
				CLANG_WARN_EMPTY_BODY = YES;
				CLANG_WARN_ENUM_CONVERSION = YES;
				CLANG_WARN_INFINITE_RECURSION = YES;
				CLANG_WARN_INT_CONVERSION = YES;
				CLANG_WARN_OBJC_ROOT_CLASS = YES_ERROR;
				CLANG_WARN_SUSPICIOUS_MOVE = YES;
				CLANG_WARN_UNREACHABLE_CODE = YES;
				CLANG_WARN__DUPLICATE_METHOD_MATCH = YES;
				"CODE_SIGN_IDENTITY[sdk=iphoneos*]" = "iPhone Developer";
				COPY_PHASE_STRIP = NO;
				DEBUG_INFORMATION_FORMAT = "dwarf-with-dsym";
				ENABLE_NS_ASSERTIONS = NO;
				ENABLE_STRICT_OBJC_MSGSEND = YES;
				GCC_C_LANGUAGE_STANDARD = gnu99;
				GCC_NO_COMMON_BLOCKS = YES;
				GCC_WARN_64_TO_32_BIT_CONVERSION = YES;
				GCC_WARN_ABOUT_RETURN_TYPE = YES_ERROR;
				GCC_WARN_UNDECLARED_SELECTOR = YES;
				GCC_WARN_UNINITIALIZED_AUTOS = YES_AGGRESSIVE;
				GCC_WARN_UNUSED_FUNCTION = YES;
				GCC_WARN_UNUSED_VARIABLE = YES;
				IPHONEOS_DEPLOYMENT_TARGET = 10.3;
				MTL_ENABLE_DEBUG_INFO = NO;
				SDKROOT = iphoneos;
				SWIFT_OPTIMIZATION_LEVEL = "-Owholemodule";
				TARGETED_DEVICE_FAMILY = "1,2";
				VALIDATE_PRODUCT = YES;
			};
			name = Release;
		};
		89A61FA21F5437DB0063FDE2 /* Debug */ = {
			isa = XCBuildConfiguration;
			buildSettings = {
				ASSETCATALOG_COMPILER_APPICON_NAME = AppIcon;
				DEVELOPMENT_TEAM = PJ8U3CQ43A;
				INFOPLIST_FILE = Cassini/Info.plist;
				LD_RUNPATH_SEARCH_PATHS = "$(inherited) @executable_path/Frameworks";
				PRODUCT_BUNDLE_IDENTIFIER = KG.Cassini;
				PRODUCT_NAME = "$(TARGET_NAME)";
				SWIFT_VERSION = 3.0;
			};
			name = Debug;
		};
		89A61FA31F5437DB0063FDE2 /* Release */ = {
			isa = XCBuildConfiguration;
			buildSettings = {
				ASSETCATALOG_COMPILER_APPICON_NAME = AppIcon;
				DEVELOPMENT_TEAM = PJ8U3CQ43A;
				INFOPLIST_FILE = Cassini/Info.plist;
				LD_RUNPATH_SEARCH_PATHS = "$(inherited) @executable_path/Frameworks";
				PRODUCT_BUNDLE_IDENTIFIER = KG.Cassini;
				PRODUCT_NAME = "$(TARGET_NAME)";
				SWIFT_VERSION = 3.0;
			};
			name = Release;
		};
/* End XCBuildConfiguration section */

/* Begin XCConfigurationList section */
		89A61F8A1F5437DB0063FDE2 /* Build configuration list for PBXProject "Cassini" */ = {
			isa = XCConfigurationList;
			buildConfigurations = (
				89A61F9F1F5437DB0063FDE2 /* Debug */,
				89A61FA01F5437DB0063FDE2 /* Release */,
			);
			defaultConfigurationIsVisible = 0;
			defaultConfigurationName = Release;
		};
		89A61FA11F5437DB0063FDE2 /* Build configuration list for PBXNativeTarget "Cassini" */ = {
			isa = XCConfigurationList;
			buildConfigurations = (
				89A61FA21F5437DB0063FDE2 /* Debug */,
				89A61FA31F5437DB0063FDE2 /* Release */,
			);
			defaultConfigurationIsVisible = 0;
			defaultConfigurationName = Release;
		};
/* End XCConfigurationList section */
	};
	rootObject = 89A61F871F5437DB0063FDE2 /* Project object */;
}
