// !$*UTF8*$!
{
	archiveVersion = 1;
	classes = {
	};
	objectVersion = 50;
	objects = {

/* Begin PBXBuildFile section */
		893A86592593DC1200816B42 /* ScrumdingerApp.swift in Sources */ = {isa = PBXBuildFile; fileRef = 893A86582593DC1200816B42 /* ScrumdingerApp.swift */; };
		893A865B2593DC1200816B42 /* MeetingView.swift in Sources */ = {isa = PBXBuildFile; fileRef = 893A865A2593DC1200816B42 /* MeetingView.swift */; };
		893A865D2593DC1900816B42 /* Assets.xcassets in Resources */ = {isa = PBXBuildFile; fileRef = 893A865C2593DC1900816B42 /* Assets.xcassets */; };
		893A86602593DC1900816B42 /* Preview Assets.xcassets in Resources */ = {isa = PBXBuildFile; fileRef = 893A865F2593DC1900816B42 /* Preview Assets.xcassets */; };
		893A866B2593E3B100816B42 /* DailyScrum.swift in Sources */ = {isa = PBXBuildFile; fileRef = 893A866A2593E3B100816B42 /* DailyScrum.swift */; };
		893A86702593E48400816B42 /* CardView.swift in Sources */ = {isa = PBXBuildFile; fileRef = 893A866F2593E48400816B42 /* CardView.swift */; };
		893A86732593E8FA00816B42 /* ScrumsView.swift in Sources */ = {isa = PBXBuildFile; fileRef = 893A86722593E8FA00816B42 /* ScrumsView.swift */; };
		893A867825951F3200816B42 /* Color+Codable.swift in Sources */ = {isa = PBXBuildFile; fileRef = 893A867725951F3200816B42 /* Color+Codable.swift */; };
		893A867B2595220400816B42 /* DetailView.swift in Sources */ = {isa = PBXBuildFile; fileRef = 893A867A2595220400816B42 /* DetailView.swift */; };
		893A867F25952CC500816B42 /* EditView.swift in Sources */ = {isa = PBXBuildFile; fileRef = 893A867E25952CC500816B42 /* EditView.swift */; };
		89657E32259550D4000E423D /* MeetingHeaderView.swift in Sources */ = {isa = PBXBuildFile; fileRef = 89657E31259550D4000E423D /* MeetingHeaderView.swift */; };
		89657E352595530B000E423D /* ScrumProgressViewStyle.swift in Sources */ = {isa = PBXBuildFile; fileRef = 89657E342595530B000E423D /* ScrumProgressViewStyle.swift */; };
		89657E38259554AA000E423D /* ScrumTimer.swift in Sources */ = {isa = PBXBuildFile; fileRef = 89657E37259554AA000E423D /* ScrumTimer.swift */; };
		89657E3B25968BAA000E423D /* MeetingFooterView.swift in Sources */ = {isa = PBXBuildFile; fileRef = 89657E3A25968BA9000E423D /* MeetingFooterView.swift */; };
		89657E3E25968E05000E423D /* AVPlayer+Ding.swift in Sources */ = {isa = PBXBuildFile; fileRef = 89657E3D25968E05000E423D /* AVPlayer+Ding.swift */; };
		89657E4125968E3C000E423D /* ding.wav in Resources */ = {isa = PBXBuildFile; fileRef = 89657E4025968E3C000E423D /* ding.wav */; };
		89657E4A2596935F000E423D /* History.swift in Sources */ = {isa = PBXBuildFile; fileRef = 89657E492596935F000E423D /* History.swift */; };
		89657E522596C8A5000E423D /* ScrumData.swift in Sources */ = {isa = PBXBuildFile; fileRef = 89657E512596C8A5000E423D /* ScrumData.swift */; };
		89657E552597B30F000E423D /* MeetingTimerView.swift in Sources */ = {isa = PBXBuildFile; fileRef = 89657E542597B30F000E423D /* MeetingTimerView.swift */; };
		89657E582597BEA4000E423D /* SpeechRecognizer.swift in Sources */ = {isa = PBXBuildFile; fileRef = 89657E572597BEA4000E423D /* SpeechRecognizer.swift */; };
		89657E5B2597C181000E423D /* HistoryView.swift in Sources */ = {isa = PBXBuildFile; fileRef = 89657E5A2597C181000E423D /* HistoryView.swift */; };
/* End PBXBuildFile section */

/* Begin PBXFileReference section */
		893A86552593DC1200816B42 /* Scrumdinger.app */ = {isa = PBXFileReference; explicitFileType = wrapper.application; includeInIndex = 0; path = Scrumdinger.app; sourceTree = BUILT_PRODUCTS_DIR; };
		893A86582593DC1200816B42 /* ScrumdingerApp.swift */ = {isa = PBXFileReference; lastKnownFileType = sourcecode.swift; path = ScrumdingerApp.swift; sourceTree = "<group>"; };
		893A865A2593DC1200816B42 /* MeetingView.swift */ = {isa = PBXFileReference; lastKnownFileType = sourcecode.swift; path = MeetingView.swift; sourceTree = "<group>"; };
		893A865C2593DC1900816B42 /* Assets.xcassets */ = {isa = PBXFileReference; lastKnownFileType = folder.assetcatalog; path = Assets.xcassets; sourceTree = "<group>"; };
		893A865F2593DC1900816B42 /* Preview Assets.xcassets */ = {isa = PBXFileReference; lastKnownFileType = folder.assetcatalog; path = "Preview Assets.xcassets"; sourceTree = "<group>"; };
		893A86612593DC1900816B42 /* Info.plist */ = {isa = PBXFileReference; lastKnownFileType = text.plist.xml; path = Info.plist; sourceTree = "<group>"; };
		893A866A2593E3B100816B42 /* DailyScrum.swift */ = {isa = PBXFileReference; lastKnownFileType = sourcecode.swift; path = DailyScrum.swift; sourceTree = "<group>"; };
		893A866F2593E48400816B42 /* CardView.swift */ = {isa = PBXFileReference; lastKnownFileType = sourcecode.swift; path = CardView.swift; sourceTree = "<group>"; };
		893A86722593E8FA00816B42 /* ScrumsView.swift */ = {isa = PBXFileReference; lastKnownFileType = sourcecode.swift; path = ScrumsView.swift; sourceTree = "<group>"; };
		893A867725951F3200816B42 /* Color+Codable.swift */ = {isa = PBXFileReference; lastKnownFileType = sourcecode.swift; name = "Color+Codable.swift"; path = "../Color+Codable.swift"; sourceTree = "<group>"; };
		893A867A2595220400816B42 /* DetailView.swift */ = {isa = PBXFileReference; lastKnownFileType = sourcecode.swift; path = DetailView.swift; sourceTree = "<group>"; };
		893A867E25952CC500816B42 /* EditView.swift */ = {isa = PBXFileReference; lastKnownFileType = sourcecode.swift; path = EditView.swift; sourceTree = "<group>"; };
		89657E31259550D4000E423D /* MeetingHeaderView.swift */ = {isa = PBXFileReference; lastKnownFileType = sourcecode.swift; path = MeetingHeaderView.swift; sourceTree = "<group>"; };
		89657E342595530B000E423D /* ScrumProgressViewStyle.swift */ = {isa = PBXFileReference; lastKnownFileType = sourcecode.swift; path = ScrumProgressViewStyle.swift; sourceTree = "<group>"; };
		89657E37259554AA000E423D /* ScrumTimer.swift */ = {isa = PBXFileReference; lastKnownFileType = sourcecode.swift; path = ScrumTimer.swift; sourceTree = "<group>"; };
		89657E3A25968BA9000E423D /* MeetingFooterView.swift */ = {isa = PBXFileReference; lastKnownFileType = sourcecode.swift; path = MeetingFooterView.swift; sourceTree = "<group>"; };
		89657E3D25968E05000E423D /* AVPlayer+Ding.swift */ = {isa = PBXFileReference; lastKnownFileType = sourcecode.swift; path = "AVPlayer+Ding.swift"; sourceTree = "<group>"; };
		89657E4025968E3C000E423D /* ding.wav */ = {isa = PBXFileReference; lastKnownFileType = audio.wav; path = ding.wav; sourceTree = "<group>"; };
		89657E492596935F000E423D /* History.swift */ = {isa = PBXFileReference; lastKnownFileType = sourcecode.swift; path = History.swift; sourceTree = "<group>"; };
		89657E512596C8A5000E423D /* ScrumData.swift */ = {isa = PBXFileReference; lastKnownFileType = sourcecode.swift; path = ScrumData.swift; sourceTree = "<group>"; };
		89657E542597B30F000E423D /* MeetingTimerView.swift */ = {isa = PBXFileReference; lastKnownFileType = sourcecode.swift; path = MeetingTimerView.swift; sourceTree = "<group>"; };
		89657E572597BEA4000E423D /* SpeechRecognizer.swift */ = {isa = PBXFileReference; lastKnownFileType = sourcecode.swift; path = SpeechRecognizer.swift; sourceTree = "<group>"; };
		89657E5A2597C181000E423D /* HistoryView.swift */ = {isa = PBXFileReference; lastKnownFileType = sourcecode.swift; path = HistoryView.swift; sourceTree = "<group>"; };
/* End PBXFileReference section */

/* Begin PBXFrameworksBuildPhase section */
		893A86522593DC1200816B42 /* Frameworks */ = {
			isa = PBXFrameworksBuildPhase;
			buildActionMask = 2147483647;
			files = (
			);
			runOnlyForDeploymentPostprocessing = 0;
		};
/* End PBXFrameworksBuildPhase section */

/* Begin PBXGroup section */
		893A864C2593DC1100816B42 = {
			isa = PBXGroup;
			children = (
				893A86572593DC1200816B42 /* Scrumdinger */,
				893A86562593DC1200816B42 /* Products */,
			);
			sourceTree = "<group>";
		};
		893A86562593DC1200816B42 /* Products */ = {
			isa = PBXGroup;
			children = (
				893A86552593DC1200816B42 /* Scrumdinger.app */,
			);
			name = Products;
			sourceTree = "<group>";
		};
		893A86572593DC1200816B42 /* Scrumdinger */ = {
			isa = PBXGroup;
			children = (
				893A86582593DC1200816B42 /* ScrumdingerApp.swift */,
				893A86722593E8FA00816B42 /* ScrumsView.swift */,
				893A866F2593E48400816B42 /* CardView.swift */,
				893A867A2595220400816B42 /* DetailView.swift */,
				893A867E25952CC500816B42 /* EditView.swift */,
				893A865A2593DC1200816B42 /* MeetingView.swift */,
				89657E31259550D4000E423D /* MeetingHeaderView.swift */,
				89657E3A25968BA9000E423D /* MeetingFooterView.swift */,
				89657E542597B30F000E423D /* MeetingTimerView.swift */,
				89657E5A2597C181000E423D /* HistoryView.swift */,
				89657E342595530B000E423D /* ScrumProgressViewStyle.swift */,
				893A866D2593E3B700816B42 /* Models */,
				893A865C2593DC1900816B42 /* Assets.xcassets */,
				89657E4325968E41000E423D /* Resources */,
				893A86612593DC1900816B42 /* Info.plist */,
				893A865E2593DC1900816B42 /* Preview Content */,
			);
			path = Scrumdinger;
			sourceTree = "<group>";
		};
		893A865E2593DC1900816B42 /* Preview Content */ = {
			isa = PBXGroup;
			children = (
				893A865F2593DC1900816B42 /* Preview Assets.xcassets */,
			);
			path = "Preview Content";
			sourceTree = "<group>";
		};
		893A866D2593E3B700816B42 /* Models */ = {
			isa = PBXGroup;
			children = (
				893A866A2593E3B100816B42 /* DailyScrum.swift */,
				89657E512596C8A5000E423D /* ScrumData.swift */,
				89657E492596935F000E423D /* History.swift */,
				89657E37259554AA000E423D /* ScrumTimer.swift */,
				89657E3D25968E05000E423D /* AVPlayer+Ding.swift */,
				893A867725951F3200816B42 /* Color+Codable.swift */,
				89657E572597BEA4000E423D /* SpeechRecognizer.swift */,
			);
			path = Models;
			sourceTree = "<group>";
		};
		89657E4325968E41000E423D /* Resources */ = {
			isa = PBXGroup;
			children = (
				89657E4025968E3C000E423D /* ding.wav */,
			);
			path = Resources;
			sourceTree = "<group>";
		};
/* End PBXGroup section */

/* Begin PBXNativeTarget section */
		893A86542593DC1200816B42 /* Scrumdinger */ = {
			isa = PBXNativeTarget;
			buildConfigurationList = 893A86642593DC1900816B42 /* Build configuration list for PBXNativeTarget "Scrumdinger" */;
			buildPhases = (
				893A86512593DC1200816B42 /* Sources */,
				893A86522593DC1200816B42 /* Frameworks */,
				893A86532593DC1200816B42 /* Resources */,
			);
			buildRules = (
			);
			dependencies = (
			);
			name = Scrumdinger;
			productName = Scrumdinger;
			productReference = 893A86552593DC1200816B42 /* Scrumdinger.app */;
			productType = "com.apple.product-type.application";
		};
/* End PBXNativeTarget section */

/* Begin PBXProject section */
		893A864D2593DC1100816B42 /* Project object */ = {
			isa = PBXProject;
			attributes = {
				LastSwiftUpdateCheck = 1230;
				LastUpgradeCheck = 1230;
				TargetAttributes = {
					893A86542593DC1200816B42 = {
						CreatedOnToolsVersion = 12.3;
					};
				};
			};
			buildConfigurationList = 893A86502593DC1100816B42 /* Build configuration list for PBXProject "Scrumdinger" */;
			compatibilityVersion = "Xcode 9.3";
			developmentRegion = en;
			hasScannedForEncodings = 0;
			knownRegions = (
				en,
				Base,
			);
			mainGroup = 893A864C2593DC1100816B42;
			productRefGroup = 893A86562593DC1200816B42 /* Products */;
			projectDirPath = "";
			projectRoot = "";
			targets = (
				893A86542593DC1200816B42 /* Scrumdinger */,
			);
		};
/* End PBXProject section */

/* Begin PBXResourcesBuildPhase section */
		893A86532593DC1200816B42 /* Resources */ = {
			isa = PBXResourcesBuildPhase;
			buildActionMask = 2147483647;
			files = (
				89657E4125968E3C000E423D /* ding.wav in Resources */,
				893A86602593DC1900816B42 /* Preview Assets.xcassets in Resources */,
				893A865D2593DC1900816B42 /* Assets.xcassets in Resources */,
			);
			runOnlyForDeploymentPostprocessing = 0;
		};
/* End PBXResourcesBuildPhase section */

/* Begin PBXSourcesBuildPhase section */
		893A86512593DC1200816B42 /* Sources */ = {
			isa = PBXSourcesBuildPhase;
			buildActionMask = 2147483647;
			files = (
				893A865B2593DC1200816B42 /* MeetingView.swift in Sources */,
				893A866B2593E3B100816B42 /* DailyScrum.swift in Sources */,
				89657E4A2596935F000E423D /* History.swift in Sources */,
				89657E582597BEA4000E423D /* SpeechRecognizer.swift in Sources */,
				893A867F25952CC500816B42 /* EditView.swift in Sources */,
				89657E3E25968E05000E423D /* AVPlayer+Ding.swift in Sources */,
				89657E522596C8A5000E423D /* ScrumData.swift in Sources */,
				89657E5B2597C181000E423D /* HistoryView.swift in Sources */,
				89657E552597B30F000E423D /* MeetingTimerView.swift in Sources */,
				89657E32259550D4000E423D /* MeetingHeaderView.swift in Sources */,
				893A86702593E48400816B42 /* CardView.swift in Sources */,
				89657E3B25968BAA000E423D /* MeetingFooterView.swift in Sources */,
				893A867B2595220400816B42 /* DetailView.swift in Sources */,
				89657E38259554AA000E423D /* ScrumTimer.swift in Sources */,
				893A86732593E8FA00816B42 /* ScrumsView.swift in Sources */,
				893A867825951F3200816B42 /* Color+Codable.swift in Sources */,
				89657E352595530B000E423D /* ScrumProgressViewStyle.swift in Sources */,
				893A86592593DC1200816B42 /* ScrumdingerApp.swift in Sources */,
			);
			runOnlyForDeploymentPostprocessing = 0;
		};
/* End PBXSourcesBuildPhase section */

/* Begin XCBuildConfiguration section */
		893A86622593DC1900816B42 /* Debug */ = {
			isa = XCBuildConfiguration;
			buildSettings = {
				ALWAYS_SEARCH_USER_PATHS = NO;
				CLANG_ANALYZER_NONNULL = YES;
				CLANG_ANALYZER_NUMBER_OBJECT_CONVERSION = YES_AGGRESSIVE;
				CLANG_CXX_LANGUAGE_STANDARD = "gnu++14";
				CLANG_CXX_LIBRARY = "libc++";
				CLANG_ENABLE_MODULES = YES;
				CLANG_ENABLE_OBJC_ARC = YES;
				CLANG_ENABLE_OBJC_WEAK = YES;
				CLANG_WARN_BLOCK_CAPTURE_AUTORELEASING = YES;
				CLANG_WARN_BOOL_CONVERSION = YES;
				CLANG_WARN_COMMA = YES;
				CLANG_WARN_CONSTANT_CONVERSION = YES;
				CLANG_WARN_DEPRECATED_OBJC_IMPLEMENTATIONS = YES;
				CLANG_WARN_DIRECT_OBJC_ISA_USAGE = YES_ERROR;
				CLANG_WARN_DOCUMENTATION_COMMENTS = YES;
				CLANG_WARN_EMPTY_BODY = YES;
				CLANG_WARN_ENUM_CONVERSION = YES;
				CLANG_WARN_INFINITE_RECURSION = YES;
				CLANG_WARN_INT_CONVERSION = YES;
				CLANG_WARN_NON_LITERAL_NULL_CONVERSION = YES;
				CLANG_WARN_OBJC_IMPLICIT_RETAIN_SELF = YES;
				CLANG_WARN_OBJC_LITERAL_CONVERSION = YES;
				CLANG_WARN_OBJC_ROOT_CLASS = YES_ERROR;
				CLANG_WARN_QUOTED_INCLUDE_IN_FRAMEWORK_HEADER = YES;
				CLANG_WARN_RANGE_LOOP_ANALYSIS = YES;
				CLANG_WARN_STRICT_PROTOTYPES = YES;
				CLANG_WARN_SUSPICIOUS_MOVE = YES;
				CLANG_WARN_UNGUARDED_AVAILABILITY = YES_AGGRESSIVE;
				CLANG_WARN_UNREACHABLE_CODE = YES;
				CLANG_WARN__DUPLICATE_METHOD_MATCH = YES;
				COPY_PHASE_STRIP = NO;
				DEBUG_INFORMATION_FORMAT = dwarf;
				ENABLE_STRICT_OBJC_MSGSEND = YES;
				ENABLE_TESTABILITY = YES;
				GCC_C_LANGUAGE_STANDARD = gnu11;
				GCC_DYNAMIC_NO_PIC = NO;
				GCC_NO_COMMON_BLOCKS = YES;
				GCC_OPTIMIZATION_LEVEL = 0;
				GCC_PREPROCESSOR_DEFINITIONS = (
					"DEBUG=1",
					"$(inherited)",
				);
				GCC_WARN_64_TO_32_BIT_CONVERSION = YES;
				GCC_WARN_ABOUT_RETURN_TYPE = YES_ERROR;
				GCC_WARN_UNDECLARED_SELECTOR = YES;
				GCC_WARN_UNINITIALIZED_AUTOS = YES_AGGRESSIVE;
				GCC_WARN_UNUSED_FUNCTION = YES;
				GCC_WARN_UNUSED_VARIABLE = YES;
				IPHONEOS_DEPLOYMENT_TARGET = 14.3;
				MTL_ENABLE_DEBUG_INFO = INCLUDE_SOURCE;
				MTL_FAST_MATH = YES;
				ONLY_ACTIVE_ARCH = YES;
				SDKROOT = iphoneos;
				SWIFT_ACTIVE_COMPILATION_CONDITIONS = DEBUG;
				SWIFT_OPTIMIZATION_LEVEL = "-Onone";
			};
			name = Debug;
		};
		893A86632593DC1900816B42 /* Release */ = {
			isa = XCBuildConfiguration;
			buildSettings = {
				ALWAYS_SEARCH_USER_PATHS = NO;
				CLANG_ANALYZER_NONNULL = YES;
				CLANG_ANALYZER_NUMBER_OBJECT_CONVERSION = YES_AGGRESSIVE;
				CLANG_CXX_LANGUAGE_STANDARD = "gnu++14";
				CLANG_CXX_LIBRARY = "libc++";
				CLANG_ENABLE_MODULES = YES;
				CLANG_ENABLE_OBJC_ARC = YES;
				CLANG_ENABLE_OBJC_WEAK = YES;
				CLANG_WARN_BLOCK_CAPTURE_AUTORELEASING = YES;
				CLANG_WARN_BOOL_CONVERSION = YES;
				CLANG_WARN_COMMA = YES;
				CLANG_WARN_CONSTANT_CONVERSION = YES;
				CLANG_WARN_DEPRECATED_OBJC_IMPLEMENTATIONS = YES;
				CLANG_WARN_DIRECT_OBJC_ISA_USAGE = YES_ERROR;
				CLANG_WARN_DOCUMENTATION_COMMENTS = YES;
				CLANG_WARN_EMPTY_BODY = YES;
				CLANG_WARN_ENUM_CONVERSION = YES;
				CLANG_WARN_INFINITE_RECURSION = YES;
				CLANG_WARN_INT_CONVERSION = YES;
				CLANG_WARN_NON_LITERAL_NULL_CONVERSION = YES;
				CLANG_WARN_OBJC_IMPLICIT_RETAIN_SELF = YES;
				CLANG_WARN_OBJC_LITERAL_CONVERSION = YES;
				CLANG_WARN_OBJC_ROOT_CLASS = YES_ERROR;
				CLANG_WARN_QUOTED_INCLUDE_IN_FRAMEWORK_HEADER = YES;
				CLANG_WARN_RANGE_LOOP_ANALYSIS = YES;
				CLANG_WARN_STRICT_PROTOTYPES = YES;
				CLANG_WARN_SUSPICIOUS_MOVE = YES;
				CLANG_WARN_UNGUARDED_AVAILABILITY = YES_AGGRESSIVE;
				CLANG_WARN_UNREACHABLE_CODE = YES;
				CLANG_WARN__DUPLICATE_METHOD_MATCH = YES;
				COPY_PHASE_STRIP = NO;
				DEBUG_INFORMATION_FORMAT = "dwarf-with-dsym";
				ENABLE_NS_ASSERTIONS = NO;
				ENABLE_STRICT_OBJC_MSGSEND = YES;
				GCC_C_LANGUAGE_STANDARD = gnu11;
				GCC_NO_COMMON_BLOCKS = YES;
				GCC_WARN_64_TO_32_BIT_CONVERSION = YES;
				GCC_WARN_ABOUT_RETURN_TYPE = YES_ERROR;
				GCC_WARN_UNDECLARED_SELECTOR = YES;
				GCC_WARN_UNINITIALIZED_AUTOS = YES_AGGRESSIVE;
				GCC_WARN_UNUSED_FUNCTION = YES;
				GCC_WARN_UNUSED_VARIABLE = YES;
				IPHONEOS_DEPLOYMENT_TARGET = 14.3;
				MTL_ENABLE_DEBUG_INFO = NO;
				MTL_FAST_MATH = YES;
				SDKROOT = iphoneos;
				SWIFT_COMPILATION_MODE = wholemodule;
				SWIFT_OPTIMIZATION_LEVEL = "-O";
				VALIDATE_PRODUCT = YES;
			};
			name = Release;
		};
		893A86652593DC1900816B42 /* Debug */ = {
			isa = XCBuildConfiguration;
			buildSettings = {
				ASSETCATALOG_COMPILER_APPICON_NAME = AppIcon;
				ASSETCATALOG_COMPILER_GLOBAL_ACCENT_COLOR_NAME = AccentColor;
				CODE_SIGN_STYLE = Automatic;
				DEVELOPMENT_ASSET_PATHS = "\"Scrumdinger/Preview Content\"";
				DEVELOPMENT_TEAM = PJ8U3CQ43A;
				ENABLE_PREVIEWS = YES;
				INFOPLIST_FILE = Scrumdinger/Info.plist;
				IPHONEOS_DEPLOYMENT_TARGET = 14.0;
				LD_RUNPATH_SEARCH_PATHS = (
					"$(inherited)",
					"@executable_path/Frameworks",
				);
				PRODUCT_BUNDLE_IDENTIFIER = kvdk.Scrumdinger;
				PRODUCT_NAME = "$(TARGET_NAME)";
				SWIFT_VERSION = 5.0;
				TARGETED_DEVICE_FAMILY = "1,2";
			};
			name = Debug;
		};
		893A86662593DC1900816B42 /* Release */ = {
			isa = XCBuildConfiguration;
			buildSettings = {
				ASSETCATALOG_COMPILER_APPICON_NAME = AppIcon;
				ASSETCATALOG_COMPILER_GLOBAL_ACCENT_COLOR_NAME = AccentColor;
				CODE_SIGN_STYLE = Automatic;
				DEVELOPMENT_ASSET_PATHS = "\"Scrumdinger/Preview Content\"";
				DEVELOPMENT_TEAM = PJ8U3CQ43A;
				ENABLE_PREVIEWS = YES;
				INFOPLIST_FILE = Scrumdinger/Info.plist;
				IPHONEOS_DEPLOYMENT_TARGET = 14.0;
				LD_RUNPATH_SEARCH_PATHS = (
					"$(inherited)",
					"@executable_path/Frameworks",
				);
				PRODUCT_BUNDLE_IDENTIFIER = kvdk.Scrumdinger;
				PRODUCT_NAME = "$(TARGET_NAME)";
				SWIFT_VERSION = 5.0;
				TARGETED_DEVICE_FAMILY = "1,2";
			};
			name = Release;
		};
/* End XCBuildConfiguration section */

/* Begin XCConfigurationList section */
		893A86502593DC1100816B42 /* Build configuration list for PBXProject "Scrumdinger" */ = {
			isa = XCConfigurationList;
			buildConfigurations = (
				893A86622593DC1900816B42 /* Debug */,
				893A86632593DC1900816B42 /* Release */,
			);
			defaultConfigurationIsVisible = 0;
			defaultConfigurationName = Release;
		};
		893A86642593DC1900816B42 /* Build configuration list for PBXNativeTarget "Scrumdinger" */ = {
			isa = XCConfigurationList;
			buildConfigurations = (
				893A86652593DC1900816B42 /* Debug */,
				893A86662593DC1900816B42 /* Release */,
			);
			defaultConfigurationIsVisible = 0;
			defaultConfigurationName = Release;
		};
/* End XCConfigurationList section */
	};
	rootObject = 893A864D2593DC1100816B42 /* Project object */;
}
